
Microsoft Visual Studio Solution File, Format Version 12.00
# Visual Studio Version 17
VisualStudioVersion = 17.3.32929.385
MinimumVisualStudioVersion = 10.0.40219.1
Project("{8BC9CEB8-8B4A-11D0-8D11-00A0C91BC942}") = "Lab_06_3_Iter_Template", "Lab_06_3_Iter_Template\Lab_06_3_Iter_Template.vcxproj", "{71271F57-2F42-4E6E-B025-8B5AE1DC463D}"
EndProject
Project("{8BC9CEB8-8B4A-11D0-8D11-00A0C91BC942}") = "UnitTest_Lab_06_3_Iter_Template", "UnitTest_Lab_06_3_Iter_Template\UnitTest_Lab_06_3_Iter_Template.vcxproj", "{5232BDB6-9E62-4558-B4BC-FA571E529091}"
EndProject
Global
	GlobalSection(SolutionConfigurationPlatforms) = preSolution
		Debug|x64 = Debug|x64
		Debug|x86 = Debug|x86
		Release|x64 = Release|x64
		Release|x86 = Release|x86
	EndGlobalSection
	GlobalSection(ProjectConfigurationPlatforms) = postSolution
		{71271F57-2F42-4E6E-B025-8B5AE1DC463D}.Debug|x64.ActiveCfg = Debug|x64
		{71271F57-2F42-4E6E-B025-8B5AE1DC463D}.Debug|x64.Build.0 = Debug|x64
		{71271F57-2F42-4E6E-B025-8B5AE1DC463D}.Debug|x86.ActiveCfg = Debug|Win32
		{71271F57-2F42-4E6E-B025-8B5AE1DC463D}.Debug|x86.Build.0 = Debug|Win32
		{71271F57-2F42-4E6E-B025-8B5AE1DC463D}.Release|x64.ActiveCfg = Release|x64
		{71271F57-2F42-4E6E-B025-8B5AE1DC463D}.Release|x64.Build.0 = Release|x64
		{71271F57-2F42-4E6E-B025-8B5AE1DC463D}.Release|x86.ActiveCfg = Release|Win32
		{71271F57-2F42-4E6E-B025-8B5AE1DC463D}.Release|x86.Build.0 = Release|Win32
		{5232BDB6-9E62-4558-B4BC-FA571E529091}.Debug|x64.ActiveCfg = Debug|x64
		{5232BDB6-9E62-4558-B4BC-FA571E529091}.Debug|x64.Build.0 = Debug|x64
		{5232BDB6-9E62-4558-B4BC-FA571E529091}.Debug|x86.ActiveCfg = Debug|Win32
		{5232BDB6-9E62-4558-B4BC-FA571E529091}.Debug|x86.Build.0 = Debug|Win32
		{5232BDB6-9E62-4558-B4BC-FA571E529091}.Release|x64.ActiveCfg = Release|x64
		{5232BDB6-9E62-4558-B4BC-FA571E529091}.Release|x64.Build.0 = Release|x64
		{5232BDB6-9E62-4558-B4BC-FA571E529091}.Release|x86.ActiveCfg = Release|Win32
		{5232BDB6-9E62-4558-B4BC-FA571E529091}.Release|x86.Build.0 = Release|Win32
	EndGlobalSection
	GlobalSection(SolutionProperties) = preSolution
		HideSolutionNode = FALSE
	EndGlobalSection
	GlobalSection(ExtensibilityGlobals) = postSolution
		SolutionGuid = {6A94F38D-3EDF-4FB5-AEB6-8984C96C9B86}
	EndGlobalSection
EndGlobal
